PODS:
  - Flutter (1.0.0)
  - flutter_microsoft_authentication (0.0.2):
    - Flutter
    - MSAL (~> 1.0.3)
  - MSAL (1.0.3):
    - MSAL/app-lib (= 1.0.3)
  - MSAL/app-lib (1.0.3)

DEPENDENCIES:
  - Flutter (from `.symlinks/flutter/ios`)
  - flutter_microsoft_authentication (from `.symlinks/plugins/flutter_microsoft_authentication/ios`)

SPEC REPOS:
  trunk:
    - MSAL

EXTERNAL SOURCES:
  Flutter:
    :path: ".symlinks/flutter/ios"
  flutter_microsoft_authentication:
    :path: ".symlinks/plugins/flutter_microsoft_authentication/ios"

SPEC CHECKSUMS:
  Flutter: 0e3d915762c693b495b44d77113d4970485de6ec
  flutter_microsoft_authentication: e9b45e75133dec2ba33be351a6edfb452def3bdc
  MSAL: 351711995bd31170a2e887941115a3ed17b178e8

PODFILE CHECKSUM: 2c78efac486a5a4c55cbdb75659105e9a24d1328

COCOAPODS: 1.8.4
